// !$*UTF8*$!
{
	archiveVersion = 1;
	classes = {
	};
	objectVersion = 55;
	objects = {

/* Begin PBXBuildFile section */
		154DD60327449D630089585B /* FilterCVC.swift in Sources */ = {isa = PBXBuildFile; fileRef = 154DD60127449D630089585B /* FilterCVC.swift */; };
		154DD60427449D630089585B /* FilterCVC.xib in Resources */ = {isa = PBXBuildFile; fileRef = 154DD60227449D630089585B /* FilterCVC.xib */; };
		1590B3E72740D1E700F167D1 /* UIColor+Extension.swift in Sources */ = {isa = PBXBuildFile; fileRef = 1590B3E62740D1E700F167D1 /* UIColor+Extension.swift */; };
		159A91FE2753C72500658CC9 /* ReservationResponseData.swift in Sources */ = {isa = PBXBuildFile; fileRef = 159A91FD2753C72500658CC9 /* ReservationResponseData.swift */; };
		159A92042753DB4500658CC9 /* Dictionary+Extension.swift in Sources */ = {isa = PBXBuildFile; fileRef = 159A92032753DB4500658CC9 /* Dictionary+Extension.swift */; };
		15C8EDF42743F60600B4C486 /* Filter.storyboard in Resources */ = {isa = PBXBuildFile; fileRef = 15C8EDF32743F60600B4C486 /* Filter.storyboard */; };
		15C8EDF82743F6C400B4C486 /* FilterVC.swift in Sources */ = {isa = PBXBuildFile; fileRef = 15C8EDF72743F6C400B4C486 /* FilterVC.swift */; };
		254BE8F2B262A33A9DF6C84E /* Pods_SOPT_29th_JointSeminar10_iOS.framework in Frameworks */ = {isa = PBXBuildFile; fileRef = 64E6CE6F546873AD89EC8355 /* Pods_SOPT_29th_JointSeminar10_iOS.framework */; };
		F6DF60342740DE8B00A334EF /* UIImage+Extension.swift in Sources */ = {isa = PBXBuildFile; fileRef = F6DF60332740DE8B00A334EF /* UIImage+Extension.swift */; };
		F86CFFF6274DC0EF0091B907 /* APIConstants.swift in Sources */ = {isa = PBXBuildFile; fileRef = F86CFFF5274DC0EF0091B907 /* APIConstants.swift */; };
		F86CFFF8274DC1390091B907 /* NetworkResult.swift in Sources */ = {isa = PBXBuildFile; fileRef = F86CFFF7274DC1390091B907 /* NetworkResult.swift */; };
		F86CFFFA274DC3DA0091B907 /* TempLoginResponseData.swift in Sources */ = {isa = PBXBuildFile; fileRef = F86CFFF9274DC3DA0091B907 /* TempLoginResponseData.swift */; };
		F86CFFFC274DC5510091B907 /* TempUserSignService.swift in Sources */ = {isa = PBXBuildFile; fileRef = F86CFFFB274DC5510091B907 /* TempUserSignService.swift */; };
		F8983F9D2742BBCB00FC69EE /* Const.swift in Sources */ = {isa = PBXBuildFile; fileRef = F8983F9C2742BBCB00FC69EE /* Const.swift */; };
		F8983F9F2742BBD200FC69EE /* ViewController.swift in Sources */ = {isa = PBXBuildFile; fileRef = F8983F9E2742BBD200FC69EE /* ViewController.swift */; };
		F8983FA12742BBD800FC69EE /* Storyboard.swift in Sources */ = {isa = PBXBuildFile; fileRef = F8983FA02742BBD800FC69EE /* Storyboard.swift */; };
		F8983FA32742BD5B00FC69EE /* Xib.swift in Sources */ = {isa = PBXBuildFile; fileRef = F8983FA22742BD5B00FC69EE /* Xib.swift */; };
		F8983FAE2742C3AF00FC69EE /* HomeVC.swift in Sources */ = {isa = PBXBuildFile; fileRef = F8983FAD2742C3AF00FC69EE /* HomeVC.swift */; };
		F8983FB02742C3B900FC69EE /* CarPlanVC.swift in Sources */ = {isa = PBXBuildFile; fileRef = F8983FAF2742C3B900FC69EE /* CarPlanVC.swift */; };
		F8983FB22742C3C600FC69EE /* PairingVC.swift in Sources */ = {isa = PBXBuildFile; fileRef = F8983FB12742C3C600FC69EE /* PairingVC.swift */; };
		F8983FB42742C3CE00FC69EE /* MyPageVC.swift in Sources */ = {isa = PBXBuildFile; fileRef = F8983FB32742C3CE00FC69EE /* MyPageVC.swift */; };
		F8983FB72742C92300FC69EE /* RecommendCarCVC.swift in Sources */ = {isa = PBXBuildFile; fileRef = F8983FB52742C92300FC69EE /* RecommendCarCVC.swift */; };
		F8983FB82742C92300FC69EE /* RecommendCarCVC.xib in Resources */ = {isa = PBXBuildFile; fileRef = F8983FB62742C92300FC69EE /* RecommendCarCVC.xib */; };
		F8983FBB2742C94F00FC69EE /* ReservationCVC.swift in Sources */ = {isa = PBXBuildFile; fileRef = F8983FB92742C94F00FC69EE /* ReservationCVC.swift */; };
		F8983FBC2742C94F00FC69EE /* ReservationCVC.xib in Resources */ = {isa = PBXBuildFile; fileRef = F8983FBA2742C94F00FC69EE /* ReservationCVC.xib */; };
		F8983FBE2742CD4A00FC69EE /* CALayer+Extension.swift in Sources */ = {isa = PBXBuildFile; fileRef = F8983FBD2742CD4A00FC69EE /* CALayer+Extension.swift */; };
		F8983FC2274337F400FC69EE /* RecommendCarModel.swift in Sources */ = {isa = PBXBuildFile; fileRef = F8983FC1274337F400FC69EE /* RecommendCarModel.swift */; };
		F8983FC4274347F100FC69EE /* ReservationCarModel.swift in Sources */ = {isa = PBXBuildFile; fileRef = F8983FC3274347F100FC69EE /* ReservationCarModel.swift */; };
		F8A5DECD273EC75B00770A6E /* AppDelegate.swift in Sources */ = {isa = PBXBuildFile; fileRef = F8A5DECC273EC75B00770A6E /* AppDelegate.swift */; };
		F8A5DECF273EC75B00770A6E /* SceneDelegate.swift in Sources */ = {isa = PBXBuildFile; fileRef = F8A5DECE273EC75B00770A6E /* SceneDelegate.swift */; };
		F8A5DED1273EC75B00770A6E /* MainTabVC.swift in Sources */ = {isa = PBXBuildFile; fileRef = F8A5DED0273EC75B00770A6E /* MainTabVC.swift */; };
		F8A5DED4273EC75B00770A6E /* MainTab.storyboard in Resources */ = {isa = PBXBuildFile; fileRef = F8A5DED2273EC75B00770A6E /* MainTab.storyboard */; };
		F8A5DED6273EC75C00770A6E /* Assets.xcassets in Resources */ = {isa = PBXBuildFile; fileRef = F8A5DED5273EC75C00770A6E /* Assets.xcassets */; };
		F8A5DED9273EC75C00770A6E /* LaunchScreen.storyboard in Resources */ = {isa = PBXBuildFile; fileRef = F8A5DED7273EC75C00770A6E /* LaunchScreen.storyboard */; };
		F8BA1ECF273F8FB100041003 /* TempProtocol.swift in Sources */ = {isa = PBXBuildFile; fileRef = F8BA1ECE273F8FB100041003 /* TempProtocol.swift */; };
		F8C7AF8627439483004D0BD6 /* ReservationHistoryView.xib in Resources */ = {isa = PBXBuildFile; fileRef = F8C7AF8527439483004D0BD6 /* ReservationHistoryView.xib */; };
		F8C7AF892743949B004D0BD6 /* ReservationHistoryView.swift in Sources */ = {isa = PBXBuildFile; fileRef = F8C7AF882743949B004D0BD6 /* ReservationHistoryView.swift */; };
		F8E358F42740CEDC00E7B810 /* SpoqaHanSansNeo-Bold.otf in Resources */ = {isa = PBXBuildFile; fileRef = F8E358EF2740CEDB00E7B810 /* SpoqaHanSansNeo-Bold.otf */; };
		F8E358F52740CEDC00E7B810 /* SpoqaHanSansNeo-Thin.otf in Resources */ = {isa = PBXBuildFile; fileRef = F8E358F02740CEDB00E7B810 /* SpoqaHanSansNeo-Thin.otf */; };
		F8E358F62740CEDC00E7B810 /* SpoqaHanSansNeo-Medium.otf in Resources */ = {isa = PBXBuildFile; fileRef = F8E358F12740CEDC00E7B810 /* SpoqaHanSansNeo-Medium.otf */; };
		F8E358F72740CEDC00E7B810 /* SpoqaHanSansNeo-Regular.otf in Resources */ = {isa = PBXBuildFile; fileRef = F8E358F22740CEDC00E7B810 /* SpoqaHanSansNeo-Regular.otf */; };
		F8E358F82740CEDC00E7B810 /* SpoqaHanSansNeo-Light.otf in Resources */ = {isa = PBXBuildFile; fileRef = F8E358F32740CEDC00E7B810 /* SpoqaHanSansNeo-Light.otf */; };
		F8E358FA2740D0FF00E7B810 /* UIFont+Extension.swift in Sources */ = {isa = PBXBuildFile; fileRef = F8E358F92740D0FF00E7B810 /* UIFont+Extension.swift */; };
/* End PBXBuildFile section */

/* Begin PBXFileReference section */
		154DD60127449D630089585B /* FilterCVC.swift */ = {isa = PBXFileReference; lastKnownFileType = sourcecode.swift; path = FilterCVC.swift; sourceTree = "<group>"; };
		154DD60227449D630089585B /* FilterCVC.xib */ = {isa = PBXFileReference; lastKnownFileType = file.xib; path = FilterCVC.xib; sourceTree = "<group>"; };
		1590B3E62740D1E700F167D1 /* UIColor+Extension.swift */ = {isa = PBXFileReference; lastKnownFileType = sourcecode.swift; path = "UIColor+Extension.swift"; sourceTree = "<group>"; };
		159A91FD2753C72500658CC9 /* ReservationResponseData.swift */ = {isa = PBXFileReference; lastKnownFileType = sourcecode.swift; path = ReservationResponseData.swift; sourceTree = "<group>"; };
		159A92032753DB4500658CC9 /* Dictionary+Extension.swift */ = {isa = PBXFileReference; lastKnownFileType = sourcecode.swift; path = "Dictionary+Extension.swift"; sourceTree = "<group>"; };
		15C8EDF32743F60600B4C486 /* Filter.storyboard */ = {isa = PBXFileReference; lastKnownFileType = file.storyboard; path = Filter.storyboard; sourceTree = "<group>"; };
		15C8EDF72743F6C400B4C486 /* FilterVC.swift */ = {isa = PBXFileReference; lastKnownFileType = sourcecode.swift; path = FilterVC.swift; sourceTree = "<group>"; };
		24CB111B595FAF89B7A2FF4D /* Pods-SOPT-29th-JointSeminar10-iOS.release.xcconfig */ = {isa = PBXFileReference; includeInIndex = 1; lastKnownFileType = text.xcconfig; name = "Pods-SOPT-29th-JointSeminar10-iOS.release.xcconfig"; path = "Target Support Files/Pods-SOPT-29th-JointSeminar10-iOS/Pods-SOPT-29th-JointSeminar10-iOS.release.xcconfig"; sourceTree = "<group>"; };
		64E6CE6F546873AD89EC8355 /* Pods_SOPT_29th_JointSeminar10_iOS.framework */ = {isa = PBXFileReference; explicitFileType = wrapper.framework; includeInIndex = 0; path = Pods_SOPT_29th_JointSeminar10_iOS.framework; sourceTree = BUILT_PRODUCTS_DIR; };
		B7E6244D503A59AA5544D399 /* Pods-SOPT-29th-JointSeminar10-iOS.debug.xcconfig */ = {isa = PBXFileReference; includeInIndex = 1; lastKnownFileType = text.xcconfig; name = "Pods-SOPT-29th-JointSeminar10-iOS.debug.xcconfig"; path = "Target Support Files/Pods-SOPT-29th-JointSeminar10-iOS/Pods-SOPT-29th-JointSeminar10-iOS.debug.xcconfig"; sourceTree = "<group>"; };
		F6DF60332740DE8B00A334EF /* UIImage+Extension.swift */ = {isa = PBXFileReference; lastKnownFileType = sourcecode.swift; path = "UIImage+Extension.swift"; sourceTree = "<group>"; };
		F86CFFF5274DC0EF0091B907 /* APIConstants.swift */ = {isa = PBXFileReference; lastKnownFileType = sourcecode.swift; path = APIConstants.swift; sourceTree = "<group>"; };
		F86CFFF7274DC1390091B907 /* NetworkResult.swift */ = {isa = PBXFileReference; lastKnownFileType = sourcecode.swift; path = NetworkResult.swift; sourceTree = "<group>"; };
		F86CFFF9274DC3DA0091B907 /* TempLoginResponseData.swift */ = {isa = PBXFileReference; lastKnownFileType = sourcecode.swift; path = TempLoginResponseData.swift; sourceTree = "<group>"; };
		F86CFFFB274DC5510091B907 /* TempUserSignService.swift */ = {isa = PBXFileReference; lastKnownFileType = sourcecode.swift; path = TempUserSignService.swift; sourceTree = "<group>"; };
		F8983F9C2742BBCB00FC69EE /* Const.swift */ = {isa = PBXFileReference; lastKnownFileType = sourcecode.swift; path = Const.swift; sourceTree = "<group>"; };
		F8983F9E2742BBD200FC69EE /* ViewController.swift */ = {isa = PBXFileReference; lastKnownFileType = sourcecode.swift; path = ViewController.swift; sourceTree = "<group>"; };
		F8983FA02742BBD800FC69EE /* Storyboard.swift */ = {isa = PBXFileReference; lastKnownFileType = sourcecode.swift; path = Storyboard.swift; sourceTree = "<group>"; };
		F8983FA22742BD5B00FC69EE /* Xib.swift */ = {isa = PBXFileReference; lastKnownFileType = sourcecode.swift; path = Xib.swift; sourceTree = "<group>"; };
		F8983FAD2742C3AF00FC69EE /* HomeVC.swift */ = {isa = PBXFileReference; lastKnownFileType = sourcecode.swift; path = HomeVC.swift; sourceTree = "<group>"; };
		F8983FAF2742C3B900FC69EE /* CarPlanVC.swift */ = {isa = PBXFileReference; lastKnownFileType = sourcecode.swift; path = CarPlanVC.swift; sourceTree = "<group>"; };
		F8983FB12742C3C600FC69EE /* PairingVC.swift */ = {isa = PBXFileReference; lastKnownFileType = sourcecode.swift; path = PairingVC.swift; sourceTree = "<group>"; };
		F8983FB32742C3CE00FC69EE /* MyPageVC.swift */ = {isa = PBXFileReference; lastKnownFileType = sourcecode.swift; path = MyPageVC.swift; sourceTree = "<group>"; };
		F8983FB52742C92300FC69EE /* RecommendCarCVC.swift */ = {isa = PBXFileReference; lastKnownFileType = sourcecode.swift; path = RecommendCarCVC.swift; sourceTree = "<group>"; };
		F8983FB62742C92300FC69EE /* RecommendCarCVC.xib */ = {isa = PBXFileReference; lastKnownFileType = file.xib; path = RecommendCarCVC.xib; sourceTree = "<group>"; };
		F8983FB92742C94F00FC69EE /* ReservationCVC.swift */ = {isa = PBXFileReference; lastKnownFileType = sourcecode.swift; path = ReservationCVC.swift; sourceTree = "<group>"; };
		F8983FBA2742C94F00FC69EE /* ReservationCVC.xib */ = {isa = PBXFileReference; lastKnownFileType = file.xib; path = ReservationCVC.xib; sourceTree = "<group>"; };
		F8983FBD2742CD4A00FC69EE /* CALayer+Extension.swift */ = {isa = PBXFileReference; lastKnownFileType = sourcecode.swift; path = "CALayer+Extension.swift"; sourceTree = "<group>"; };
		F8983FC1274337F400FC69EE /* RecommendCarModel.swift */ = {isa = PBXFileReference; lastKnownFileType = sourcecode.swift; path = RecommendCarModel.swift; sourceTree = "<group>"; };
		F8983FC3274347F100FC69EE /* ReservationCarModel.swift */ = {isa = PBXFileReference; lastKnownFileType = sourcecode.swift; path = ReservationCarModel.swift; sourceTree = "<group>"; };
		F8A5DEC9273EC75B00770A6E /* SOPT-29th-JointSeminar10-iOS.app */ = {isa = PBXFileReference; explicitFileType = wrapper.application; includeInIndex = 0; path = "SOPT-29th-JointSeminar10-iOS.app"; sourceTree = BUILT_PRODUCTS_DIR; };
		F8A5DECC273EC75B00770A6E /* AppDelegate.swift */ = {isa = PBXFileReference; lastKnownFileType = sourcecode.swift; path = AppDelegate.swift; sourceTree = "<group>"; };
		F8A5DECE273EC75B00770A6E /* SceneDelegate.swift */ = {isa = PBXFileReference; lastKnownFileType = sourcecode.swift; path = SceneDelegate.swift; sourceTree = "<group>"; };
		F8A5DED0273EC75B00770A6E /* MainTabVC.swift */ = {isa = PBXFileReference; lastKnownFileType = sourcecode.swift; path = MainTabVC.swift; sourceTree = "<group>"; };
		F8A5DED3273EC75B00770A6E /* Base */ = {isa = PBXFileReference; lastKnownFileType = file.storyboard; name = Base; path = Base.lproj/MainTab.storyboard; sourceTree = "<group>"; };
		F8A5DED5273EC75C00770A6E /* Assets.xcassets */ = {isa = PBXFileReference; lastKnownFileType = folder.assetcatalog; path = Assets.xcassets; sourceTree = "<group>"; };
		F8A5DED8273EC75C00770A6E /* Base */ = {isa = PBXFileReference; lastKnownFileType = file.storyboard; name = Base; path = Base.lproj/LaunchScreen.storyboard; sourceTree = "<group>"; };
		F8A5DEDA273EC75C00770A6E /* Info.plist */ = {isa = PBXFileReference; lastKnownFileType = text.plist.xml; path = Info.plist; sourceTree = "<group>"; };
		F8BA1ECE273F8FB100041003 /* TempProtocol.swift */ = {isa = PBXFileReference; lastKnownFileType = sourcecode.swift; path = TempProtocol.swift; sourceTree = "<group>"; };
		F8C7AF8527439483004D0BD6 /* ReservationHistoryView.xib */ = {isa = PBXFileReference; lastKnownFileType = file.xib; path = ReservationHistoryView.xib; sourceTree = "<group>"; };
		F8C7AF882743949B004D0BD6 /* ReservationHistoryView.swift */ = {isa = PBXFileReference; lastKnownFileType = sourcecode.swift; path = ReservationHistoryView.swift; sourceTree = "<group>"; };
		F8E358EF2740CEDB00E7B810 /* SpoqaHanSansNeo-Bold.otf */ = {isa = PBXFileReference; lastKnownFileType = file; path = "SpoqaHanSansNeo-Bold.otf"; sourceTree = "<group>"; };
		F8E358F02740CEDB00E7B810 /* SpoqaHanSansNeo-Thin.otf */ = {isa = PBXFileReference; lastKnownFileType = file; path = "SpoqaHanSansNeo-Thin.otf"; sourceTree = "<group>"; };
		F8E358F12740CEDC00E7B810 /* SpoqaHanSansNeo-Medium.otf */ = {isa = PBXFileReference; lastKnownFileType = file; path = "SpoqaHanSansNeo-Medium.otf"; sourceTree = "<group>"; };
		F8E358F22740CEDC00E7B810 /* SpoqaHanSansNeo-Regular.otf */ = {isa = PBXFileReference; lastKnownFileType = file; path = "SpoqaHanSansNeo-Regular.otf"; sourceTree = "<group>"; };
		F8E358F32740CEDC00E7B810 /* SpoqaHanSansNeo-Light.otf */ = {isa = PBXFileReference; lastKnownFileType = file; path = "SpoqaHanSansNeo-Light.otf"; sourceTree = "<group>"; };
		F8E358F92740D0FF00E7B810 /* UIFont+Extension.swift */ = {isa = PBXFileReference; lastKnownFileType = sourcecode.swift; path = "UIFont+Extension.swift"; sourceTree = "<group>"; };
/* End PBXFileReference section */

/* Begin PBXFrameworksBuildPhase section */
		F8A5DEC6273EC75B00770A6E /* Frameworks */ = {
			isa = PBXFrameworksBuildPhase;
			buildActionMask = 2147483647;
			files = (
				254BE8F2B262A33A9DF6C84E /* Pods_SOPT_29th_JointSeminar10_iOS.framework in Frameworks */,
			);
			runOnlyForDeploymentPostprocessing = 0;
		};
/* End PBXFrameworksBuildPhase section */

/* Begin PBXGroup section */
		5C59F7C6625ABC5C83E83F6B /* Pods */ = {
			isa = PBXGroup;
			children = (
				B7E6244D503A59AA5544D399 /* Pods-SOPT-29th-JointSeminar10-iOS.debug.xcconfig */,
				24CB111B595FAF89B7A2FF4D /* Pods-SOPT-29th-JointSeminar10-iOS.release.xcconfig */,
			);
			path = Pods;
			sourceTree = "<group>";
		};
		76796E46917519C20C59483B /* Frameworks */ = {
			isa = PBXGroup;
			children = (
				64E6CE6F546873AD89EC8355 /* Pods_SOPT_29th_JointSeminar10_iOS.framework */,
			);
			name = Frameworks;
			sourceTree = "<group>";
		};
		F8983FA42742C31B00FC69EE /* Tabar */ = {
			isa = PBXGroup;
			children = (
				F8A5DED0273EC75B00770A6E /* MainTabVC.swift */,
				F8983FAD2742C3AF00FC69EE /* HomeVC.swift */,
				F8983FAF2742C3B900FC69EE /* CarPlanVC.swift */,
				F8983FB12742C3C600FC69EE /* PairingVC.swift */,
				F8983FB32742C3CE00FC69EE /* MyPageVC.swift */,
			);
			path = Tabar;
			sourceTree = "<group>";
		};
		F8A5DEC0273EC75B00770A6E = {
			isa = PBXGroup;
			children = (
				F8A5DECB273EC75B00770A6E /* SOPT-29th-JointSeminar10-iOS */,
				F8A5DECA273EC75B00770A6E /* Products */,
				5C59F7C6625ABC5C83E83F6B /* Pods */,
				76796E46917519C20C59483B /* Frameworks */,
			);
			sourceTree = "<group>";
		};
		F8A5DECA273EC75B00770A6E /* Products */ = {
			isa = PBXGroup;
			children = (
				F8A5DEC9273EC75B00770A6E /* SOPT-29th-JointSeminar10-iOS.app */,
			);
			name = Products;
			sourceTree = "<group>";
		};
		F8A5DECB273EC75B00770A6E /* SOPT-29th-JointSeminar10-iOS */ = {
			isa = PBXGroup;
			children = (
				F8BA1EB2273F837400041003 /* Resource */,
				F8BA1EB3273F837900041003 /* Source */,
			);
			path = "SOPT-29th-JointSeminar10-iOS";
			sourceTree = "<group>";
		};
		F8BA1EB2273F837400041003 /* Resource */ = {
			isa = PBXGroup;
			children = (
				F8A5DEDA273EC75C00770A6E /* Info.plist */,
				F8A5DED5273EC75C00770A6E /* Assets.xcassets */,
				F8BA1EBC273F847800041003 /* Constants */,
				F8BA1EBE273F84BF00041003 /* Fonts */,
				F8BA1EBD273F84B900041003 /* Storyboards */,
			);
			path = Resource;
			sourceTree = "<group>";
		};
		F8BA1EB3273F837900041003 /* Source */ = {
			isa = PBXGroup;
			children = (
				F8A5DECC273EC75B00770A6E /* AppDelegate.swift */,
				F8A5DECE273EC75B00770A6E /* SceneDelegate.swift */,
				F8BA1EB4273F837D00041003 /* Cell */,
				F8BA1EB5273F844C00041003 /* Extension */,
				F8BA1EBB273F847300041003 /* AppModel */,
				F8BA1EBA273F846E00041003 /* NetworkModel */,
				F8BA1EB9273F846500041003 /* NetworkService */,
				F8BA1EB8273F845F00041003 /* Protocol */,
				F8BA1EB7273F845900041003 /* ViewController */,
				F8BA1EB6273F845300041003 /* View */,
			);
			path = Source;
			sourceTree = "<group>";
		};
		F8BA1EB4273F837D00041003 /* Cell */ = {
			isa = PBXGroup;
			children = (
				F8983FB52742C92300FC69EE /* RecommendCarCVC.swift */,
				F8983FB62742C92300FC69EE /* RecommendCarCVC.xib */,
				F8983FB92742C94F00FC69EE /* ReservationCVC.swift */,
				F8983FBA2742C94F00FC69EE /* ReservationCVC.xib */,
				154DD60127449D630089585B /* FilterCVC.swift */,
				154DD60227449D630089585B /* FilterCVC.xib */,
			);
			path = Cell;
			sourceTree = "<group>";
		};
		F8BA1EB5273F844C00041003 /* Extension */ = {
			isa = PBXGroup;
			children = (
				F6DF60332740DE8B00A334EF /* UIImage+Extension.swift */,
				1590B3E62740D1E700F167D1 /* UIColor+Extension.swift */,
				F8E358F92740D0FF00E7B810 /* UIFont+Extension.swift */,
				F8983FBD2742CD4A00FC69EE /* CALayer+Extension.swift */,
				159A92032753DB4500658CC9 /* Dictionary+Extension.swift */,
			);
			path = Extension;
			sourceTree = "<group>";
		};
		F8BA1EB6273F845300041003 /* View */ = {
			isa = PBXGroup;
			children = (
				F8C7AF872743948C004D0BD6 /* ReservationHistoryView */,
			);
			path = View;
			sourceTree = "<group>";
		};
		F8BA1EB7273F845900041003 /* ViewController */ = {
			isa = PBXGroup;
			children = (
				F8983FA42742C31B00FC69EE /* Tabar */,
				15C8EDF72743F6C400B4C486 /* FilterVC.swift */,
			);
			path = ViewController;
			sourceTree = "<group>";
		};
		F8BA1EB8273F845F00041003 /* Protocol */ = {
			isa = PBXGroup;
			children = (
				F8BA1ECE273F8FB100041003 /* TempProtocol.swift */,
			);
			path = Protocol;
			sourceTree = "<group>";
		};
		F8BA1EB9273F846500041003 /* NetworkService */ = {
			isa = PBXGroup;
			children = (
				F86CFFFB274DC5510091B907 /* TempUserSignService.swift */,
			);
			path = NetworkService;
			sourceTree = "<group>";
		};
		F8BA1EBA273F846E00041003 /* NetworkModel */ = {
			isa = PBXGroup;
			children = (
				F86CFFF7274DC1390091B907 /* NetworkResult.swift */,
				F86CFFF9274DC3DA0091B907 /* TempLoginResponseData.swift */,
				159A91FD2753C72500658CC9 /* ReservationResponseData.swift */,
			);
			path = NetworkModel;
			sourceTree = "<group>";
		};
		F8BA1EBB273F847300041003 /* AppModel */ = {
			isa = PBXGroup;
			children = (
				F8983FC1274337F400FC69EE /* RecommendCarModel.swift */,
				F8983FC3274347F100FC69EE /* ReservationCarModel.swift */,
			);
			path = AppModel;
			sourceTree = "<group>";
		};
		F8BA1EBC273F847800041003 /* Constants */ = {
			isa = PBXGroup;
			children = (
				F8983F9C2742BBCB00FC69EE /* Const.swift */,
				F8983F9E2742BBD200FC69EE /* ViewController.swift */,
				F8983FA02742BBD800FC69EE /* Storyboard.swift */,
				F8983FA22742BD5B00FC69EE /* Xib.swift */,
				F86CFFF5274DC0EF0091B907 /* APIConstants.swift */,
			);
			path = Constants;
			sourceTree = "<group>";
		};
		F8BA1EBD273F84B900041003 /* Storyboards */ = {
			isa = PBXGroup;
			children = (
				F8A5DED7273EC75C00770A6E /* LaunchScreen.storyboard */,
				F8A5DED2273EC75B00770A6E /* MainTab.storyboard */,
				15C8EDF32743F60600B4C486 /* Filter.storyboard */,
			);
			path = Storyboards;
			sourceTree = "<group>";
		};
		F8BA1EBE273F84BF00041003 /* Fonts */ = {
			isa = PBXGroup;
			children = (
				F8E358EF2740CEDB00E7B810 /* SpoqaHanSansNeo-Bold.otf */,
				F8E358F32740CEDC00E7B810 /* SpoqaHanSansNeo-Light.otf */,
				F8E358F12740CEDC00E7B810 /* SpoqaHanSansNeo-Medium.otf */,
				F8E358F22740CEDC00E7B810 /* SpoqaHanSansNeo-Regular.otf */,
				F8E358F02740CEDB00E7B810 /* SpoqaHanSansNeo-Thin.otf */,
			);
			path = Fonts;
			sourceTree = "<group>";
		};
		F8C7AF872743948C004D0BD6 /* ReservationHistoryView */ = {
			isa = PBXGroup;
			children = (
				F8C7AF882743949B004D0BD6 /* ReservationHistoryView.swift */,
				F8C7AF8527439483004D0BD6 /* ReservationHistoryView.xib */,
			);
			path = ReservationHistoryView;
			sourceTree = "<group>";
		};
/* End PBXGroup section */

/* Begin PBXNativeTarget section */
		F8A5DEC8273EC75B00770A6E /* SOPT-29th-JointSeminar10-iOS */ = {
			isa = PBXNativeTarget;
			buildConfigurationList = F8A5DEDD273EC75C00770A6E /* Build configuration list for PBXNativeTarget "SOPT-29th-JointSeminar10-iOS" */;
			buildPhases = (
				BA4F95173EFD3825C2EC3048 /* [CP] Check Pods Manifest.lock */,
				F8A5DEC5273EC75B00770A6E /* Sources */,
				F8A5DEC6273EC75B00770A6E /* Frameworks */,
				F8A5DEC7273EC75B00770A6E /* Resources */,
				6156839C54023C466A154696 /* [CP] Embed Pods Frameworks */,
			);
			buildRules = (
			);
			dependencies = (
			);
			name = "SOPT-29th-JointSeminar10-iOS";
			productName = "SOPT-29th-JointSeminar10-iOS";
			productReference = F8A5DEC9273EC75B00770A6E /* SOPT-29th-JointSeminar10-iOS.app */;
			productType = "com.apple.product-type.application";
		};
/* End PBXNativeTarget section */

/* Begin PBXProject section */
		F8A5DEC1273EC75B00770A6E /* Project object */ = {
			isa = PBXProject;
			attributes = {
				BuildIndependentTargetsInParallel = 1;
				LastSwiftUpdateCheck = 1310;
				LastUpgradeCheck = 1310;
				TargetAttributes = {
					F8A5DEC8273EC75B00770A6E = {
						CreatedOnToolsVersion = 13.1;
					};
				};
			};
			buildConfigurationList = F8A5DEC4273EC75B00770A6E /* Build configuration list for PBXProject "SOPT-29th-JointSeminar10-iOS" */;
			compatibilityVersion = "Xcode 13.0";
			developmentRegion = en;
			hasScannedForEncodings = 0;
			knownRegions = (
				en,
				Base,
			);
			mainGroup = F8A5DEC0273EC75B00770A6E;
			productRefGroup = F8A5DECA273EC75B00770A6E /* Products */;
			projectDirPath = "";
			projectRoot = "";
			targets = (
				F8A5DEC8273EC75B00770A6E /* SOPT-29th-JointSeminar10-iOS */,
			);
		};
/* End PBXProject section */

/* Begin PBXResourcesBuildPhase section */
		F8A5DEC7273EC75B00770A6E /* Resources */ = {
			isa = PBXResourcesBuildPhase;
			buildActionMask = 2147483647;
			files = (
				F8A5DED9273EC75C00770A6E /* LaunchScreen.storyboard in Resources */,
				F8E358F52740CEDC00E7B810 /* SpoqaHanSansNeo-Thin.otf in Resources */,
				F8A5DED6273EC75C00770A6E /* Assets.xcassets in Resources */,
				154DD60427449D630089585B /* FilterCVC.xib in Resources */,
				F8C7AF8627439483004D0BD6 /* ReservationHistoryView.xib in Resources */,
				F8E358F72740CEDC00E7B810 /* SpoqaHanSansNeo-Regular.otf in Resources */,
				F8983FB82742C92300FC69EE /* RecommendCarCVC.xib in Resources */,
				F8A5DED4273EC75B00770A6E /* MainTab.storyboard in Resources */,
				F8E358F42740CEDC00E7B810 /* SpoqaHanSansNeo-Bold.otf in Resources */,
				15C8EDF42743F60600B4C486 /* Filter.storyboard in Resources */,
				F8E358F62740CEDC00E7B810 /* SpoqaHanSansNeo-Medium.otf in Resources */,
				F8E358F82740CEDC00E7B810 /* SpoqaHanSansNeo-Light.otf in Resources */,
				F8983FBC2742C94F00FC69EE /* ReservationCVC.xib in Resources */,
			);
			runOnlyForDeploymentPostprocessing = 0;
		};
/* End PBXResourcesBuildPhase section */

/* Begin PBXShellScriptBuildPhase section */
		6156839C54023C466A154696 /* [CP] Embed Pods Frameworks */ = {
			isa = PBXShellScriptBuildPhase;
			buildActionMask = 2147483647;
			files = (
			);
			inputFileListPaths = (
				"${PODS_ROOT}/Target Support Files/Pods-SOPT-29th-JointSeminar10-iOS/Pods-SOPT-29th-JointSeminar10-iOS-frameworks-${CONFIGURATION}-input-files.xcfilelist",
			);
			name = "[CP] Embed Pods Frameworks";
			outputFileListPaths = (
				"${PODS_ROOT}/Target Support Files/Pods-SOPT-29th-JointSeminar10-iOS/Pods-SOPT-29th-JointSeminar10-iOS-frameworks-${CONFIGURATION}-output-files.xcfilelist",
			);
			runOnlyForDeploymentPostprocessing = 0;
			shellPath = /bin/sh;
			shellScript = "\"${PODS_ROOT}/Target Support Files/Pods-SOPT-29th-JointSeminar10-iOS/Pods-SOPT-29th-JointSeminar10-iOS-frameworks.sh\"\n";
			showEnvVarsInLog = 0;
		};
		BA4F95173EFD3825C2EC3048 /* [CP] Check Pods Manifest.lock */ = {
			isa = PBXShellScriptBuildPhase;
			buildActionMask = 2147483647;
			files = (
			);
			inputFileListPaths = (
			);
			inputPaths = (
				"${PODS_PODFILE_DIR_PATH}/Podfile.lock",
				"${PODS_ROOT}/Manifest.lock",
			);
			name = "[CP] Check Pods Manifest.lock";
			outputFileListPaths = (
			);
			outputPaths = (
				"$(DERIVED_FILE_DIR)/Pods-SOPT-29th-JointSeminar10-iOS-checkManifestLockResult.txt",
			);
			runOnlyForDeploymentPostprocessing = 0;
			shellPath = /bin/sh;
			shellScript = "diff \"${PODS_PODFILE_DIR_PATH}/Podfile.lock\" \"${PODS_ROOT}/Manifest.lock\" > /dev/null\nif [ $? != 0 ] ; then\n    # print error to STDERR\n    echo \"error: The sandbox is not in sync with the Podfile.lock. Run 'pod install' or update your CocoaPods installation.\" >&2\n    exit 1\nfi\n# This output is used by Xcode 'outputs' to avoid re-running this script phase.\necho \"SUCCESS\" > \"${SCRIPT_OUTPUT_FILE_0}\"\n";
			showEnvVarsInLog = 0;
		};
/* End PBXShellScriptBuildPhase section */

/* Begin PBXSourcesBuildPhase section */
		F8A5DEC5273EC75B00770A6E /* Sources */ = {
			isa = PBXSourcesBuildPhase;
			buildActionMask = 2147483647;
			files = (
				F8983FB72742C92300FC69EE /* RecommendCarCVC.swift in Sources */,
				1590B3E72740D1E700F167D1 /* UIColor+Extension.swift in Sources */,
				15C8EDF82743F6C400B4C486 /* FilterVC.swift in Sources */,
				1590B3E72740D1E700F167D1 /* UIColor+Extension.swift in Sources */,
				154DD60327449D630089585B /* FilterCVC.swift in Sources */,
				F8983FC2274337F400FC69EE /* RecommendCarModel.swift in Sources */,
				F8983FA12742BBD800FC69EE /* Storyboard.swift in Sources */,
				F8A5DED1273EC75B00770A6E /* MainTabVC.swift in Sources */,
				F6DF60342740DE8B00A334EF /* UIImage+Extension.swift in Sources */,
				F8983FB02742C3B900FC69EE /* CarPlanVC.swift in Sources */,
				F8983F9F2742BBD200FC69EE /* ViewController.swift in Sources */,
				F8983FB42742C3CE00FC69EE /* MyPageVC.swift in Sources */,
				F8A5DECD273EC75B00770A6E /* AppDelegate.swift in Sources */,
				F8A5DECF273EC75B00770A6E /* SceneDelegate.swift in Sources */,
				F8983FB22742C3C600FC69EE /* PairingVC.swift in Sources */,
				F86CFFFC274DC5510091B907 /* TempUserSignService.swift in Sources */,
				F8983FAE2742C3AF00FC69EE /* HomeVC.swift in Sources */,
				F8983FA32742BD5B00FC69EE /* Xib.swift in Sources */,
				F8E358FA2740D0FF00E7B810 /* UIFont+Extension.swift in Sources */,
				F8983FBB2742C94F00FC69EE /* ReservationCVC.swift in Sources */,
				F8983FBE2742CD4A00FC69EE /* CALayer+Extension.swift in Sources */,
				F8C7AF892743949B004D0BD6 /* ReservationHistoryView.swift in Sources */,
				F86CFFFA274DC3DA0091B907 /* TempLoginResponseData.swift in Sources */,
				159A91FE2753C72500658CC9 /* ReservationResponseData.swift in Sources */,
				F86CFFF6274DC0EF0091B907 /* APIConstants.swift in Sources */,
				F8BA1ECF273F8FB100041003 /* TempProtocol.swift in Sources */,
				F8983F9D2742BBCB00FC69EE /* Const.swift in Sources */,
				F8983FC4274347F100FC69EE /* ReservationCarModel.swift in Sources */,
				F86CFFF8274DC1390091B907 /* NetworkResult.swift in Sources */,
				159A92042753DB4500658CC9 /* Dictionary+Extension.swift in Sources */,
			);
			runOnlyForDeploymentPostprocessing = 0;
		};
/* End PBXSourcesBuildPhase section */

/* Begin PBXVariantGroup section */
		F8A5DED2273EC75B00770A6E /* MainTab.storyboard */ = {
			isa = PBXVariantGroup;
			children = (
				F8A5DED3273EC75B00770A6E /* Base */,
			);
			name = MainTab.storyboard;
			sourceTree = "<group>";
		};
		F8A5DED7273EC75C00770A6E /* LaunchScreen.storyboard */ = {
			isa = PBXVariantGroup;
			children = (
				F8A5DED8273EC75C00770A6E /* Base */,
			);
			name = LaunchScreen.storyboard;
			sourceTree = "<group>";
		};
/* End PBXVariantGroup section */

/* Begin XCBuildConfiguration section */
		F8A5DEDB273EC75C00770A6E /* Debug */ = {
			isa = XCBuildConfiguration;
			buildSettings = {
				ALWAYS_SEARCH_USER_PATHS = NO;
				CLANG_ANALYZER_NONNULL = YES;
				CLANG_ANALYZER_NUMBER_OBJECT_CONVERSION = YES_AGGRESSIVE;
				CLANG_CXX_LANGUAGE_STANDARD = "gnu++17";
				CLANG_CXX_LIBRARY = "libc++";
				CLANG_ENABLE_MODULES = YES;
				CLANG_ENABLE_OBJC_ARC = YES;
				CLANG_ENABLE_OBJC_WEAK = YES;
				CLANG_WARN_BLOCK_CAPTURE_AUTORELEASING = YES;
				CLANG_WARN_BOOL_CONVERSION = YES;
				CLANG_WARN_COMMA = YES;
				CLANG_WARN_CONSTANT_CONVERSION = YES;
				CLANG_WARN_DEPRECATED_OBJC_IMPLEMENTATIONS = YES;
				CLANG_WARN_DIRECT_OBJC_ISA_USAGE = YES_ERROR;
				CLANG_WARN_DOCUMENTATION_COMMENTS = YES;
				CLANG_WARN_EMPTY_BODY = YES;
				CLANG_WARN_ENUM_CONVERSION = YES;
				CLANG_WARN_INFINITE_RECURSION = YES;
				CLANG_WARN_INT_CONVERSION = YES;
				CLANG_WARN_NON_LITERAL_NULL_CONVERSION = YES;
				CLANG_WARN_OBJC_IMPLICIT_RETAIN_SELF = YES;
				CLANG_WARN_OBJC_LITERAL_CONVERSION = YES;
				CLANG_WARN_OBJC_ROOT_CLASS = YES_ERROR;
				CLANG_WARN_QUOTED_INCLUDE_IN_FRAMEWORK_HEADER = YES;
				CLANG_WARN_RANGE_LOOP_ANALYSIS = YES;
				CLANG_WARN_STRICT_PROTOTYPES = YES;
				CLANG_WARN_SUSPICIOUS_MOVE = YES;
				CLANG_WARN_UNGUARDED_AVAILABILITY = YES_AGGRESSIVE;
				CLANG_WARN_UNREACHABLE_CODE = YES;
				CLANG_WARN__DUPLICATE_METHOD_MATCH = YES;
				COPY_PHASE_STRIP = NO;
				DEBUG_INFORMATION_FORMAT = dwarf;
				ENABLE_STRICT_OBJC_MSGSEND = YES;
				ENABLE_TESTABILITY = YES;
				GCC_C_LANGUAGE_STANDARD = gnu11;
				GCC_DYNAMIC_NO_PIC = NO;
				GCC_NO_COMMON_BLOCKS = YES;
				GCC_OPTIMIZATION_LEVEL = 0;
				GCC_PREPROCESSOR_DEFINITIONS = (
					"DEBUG=1",
					"$(inherited)",
				);
				GCC_WARN_64_TO_32_BIT_CONVERSION = YES;
				GCC_WARN_ABOUT_RETURN_TYPE = YES_ERROR;
				GCC_WARN_UNDECLARED_SELECTOR = YES;
				GCC_WARN_UNINITIALIZED_AUTOS = YES_AGGRESSIVE;
				GCC_WARN_UNUSED_FUNCTION = YES;
				GCC_WARN_UNUSED_VARIABLE = YES;
				IPHONEOS_DEPLOYMENT_TARGET = 15.0;
				MTL_ENABLE_DEBUG_INFO = INCLUDE_SOURCE;
				MTL_FAST_MATH = YES;
				ONLY_ACTIVE_ARCH = YES;
				SDKROOT = iphoneos;
				SWIFT_ACTIVE_COMPILATION_CONDITIONS = DEBUG;
				SWIFT_OPTIMIZATION_LEVEL = "-Onone";
			};
			name = Debug;
		};
		F8A5DEDC273EC75C00770A6E /* Release */ = {
			isa = XCBuildConfiguration;
			buildSettings = {
				ALWAYS_SEARCH_USER_PATHS = NO;
				CLANG_ANALYZER_NONNULL = YES;
				CLANG_ANALYZER_NUMBER_OBJECT_CONVERSION = YES_AGGRESSIVE;
				CLANG_CXX_LANGUAGE_STANDARD = "gnu++17";
				CLANG_CXX_LIBRARY = "libc++";
				CLANG_ENABLE_MODULES = YES;
				CLANG_ENABLE_OBJC_ARC = YES;
				CLANG_ENABLE_OBJC_WEAK = YES;
				CLANG_WARN_BLOCK_CAPTURE_AUTORELEASING = YES;
				CLANG_WARN_BOOL_CONVERSION = YES;
				CLANG_WARN_COMMA = YES;
				CLANG_WARN_CONSTANT_CONVERSION = YES;
				CLANG_WARN_DEPRECATED_OBJC_IMPLEMENTATIONS = YES;
				CLANG_WARN_DIRECT_OBJC_ISA_USAGE = YES_ERROR;
				CLANG_WARN_DOCUMENTATION_COMMENTS = YES;
				CLANG_WARN_EMPTY_BODY = YES;
				CLANG_WARN_ENUM_CONVERSION = YES;
				CLANG_WARN_INFINITE_RECURSION = YES;
				CLANG_WARN_INT_CONVERSION = YES;
				CLANG_WARN_NON_LITERAL_NULL_CONVERSION = YES;
				CLANG_WARN_OBJC_IMPLICIT_RETAIN_SELF = YES;
				CLANG_WARN_OBJC_LITERAL_CONVERSION = YES;
				CLANG_WARN_OBJC_ROOT_CLASS = YES_ERROR;
				CLANG_WARN_QUOTED_INCLUDE_IN_FRAMEWORK_HEADER = YES;
				CLANG_WARN_RANGE_LOOP_ANALYSIS = YES;
				CLANG_WARN_STRICT_PROTOTYPES = YES;
				CLANG_WARN_SUSPICIOUS_MOVE = YES;
				CLANG_WARN_UNGUARDED_AVAILABILITY = YES_AGGRESSIVE;
				CLANG_WARN_UNREACHABLE_CODE = YES;
				CLANG_WARN__DUPLICATE_METHOD_MATCH = YES;
				COPY_PHASE_STRIP = NO;
				DEBUG_INFORMATION_FORMAT = "dwarf-with-dsym";
				ENABLE_NS_ASSERTIONS = NO;
				ENABLE_STRICT_OBJC_MSGSEND = YES;
				GCC_C_LANGUAGE_STANDARD = gnu11;
				GCC_NO_COMMON_BLOCKS = YES;
				GCC_WARN_64_TO_32_BIT_CONVERSION = YES;
				GCC_WARN_ABOUT_RETURN_TYPE = YES_ERROR;
				GCC_WARN_UNDECLARED_SELECTOR = YES;
				GCC_WARN_UNINITIALIZED_AUTOS = YES_AGGRESSIVE;
				GCC_WARN_UNUSED_FUNCTION = YES;
				GCC_WARN_UNUSED_VARIABLE = YES;
				IPHONEOS_DEPLOYMENT_TARGET = 15.0;
				MTL_ENABLE_DEBUG_INFO = NO;
				MTL_FAST_MATH = YES;
				SDKROOT = iphoneos;
				SWIFT_COMPILATION_MODE = wholemodule;
				SWIFT_OPTIMIZATION_LEVEL = "-O";
				VALIDATE_PRODUCT = YES;
			};
			name = Release;
		};
		F8A5DEDE273EC75C00770A6E /* Debug */ = {
			isa = XCBuildConfiguration;
			baseConfigurationReference = B7E6244D503A59AA5544D399 /* Pods-SOPT-29th-JointSeminar10-iOS.debug.xcconfig */;
			buildSettings = {
				ASSETCATALOG_COMPILER_APPICON_NAME = AppIcon;
				ASSETCATALOG_COMPILER_GLOBAL_ACCENT_COLOR_NAME = AccentColor;
				CODE_SIGN_STYLE = Automatic;
				CURRENT_PROJECT_VERSION = 1;
				DEVELOPMENT_TEAM = T8C9SSEX5G;
				GENERATE_INFOPLIST_FILE = YES;
				INFOPLIST_FILE = "SOPT-29th-JointSeminar10-iOS/Resource/Info.plist";
				INFOPLIST_KEY_UIApplicationSupportsIndirectInputEvents = YES;
				INFOPLIST_KEY_UILaunchStoryboardName = LaunchScreen;
				INFOPLIST_KEY_UISupportedInterfaceOrientations = UIInterfaceOrientationPortrait;
				INFOPLIST_KEY_UISupportedInterfaceOrientations_iPad = "UIInterfaceOrientationPortrait UIInterfaceOrientationPortraitUpsideDown UIInterfaceOrientationLandscapeLeft UIInterfaceOrientationLandscapeRight";
				INFOPLIST_KEY_UISupportedInterfaceOrientations_iPhone = "UIInterfaceOrientationPortrait UIInterfaceOrientationLandscapeLeft UIInterfaceOrientationLandscapeRight";
				IPHONEOS_DEPLOYMENT_TARGET = 13.0;
				LD_RUNPATH_SEARCH_PATHS = (
					"$(inherited)",
					"@executable_path/Frameworks",
				);
				MARKETING_VERSION = 1.0;
				PRODUCT_BUNDLE_IDENTIFIER = hyun99999.SOPT29thJointSeminar10iOS;
				PRODUCT_NAME = "$(TARGET_NAME)";
				SWIFT_EMIT_LOC_STRINGS = YES;
				SWIFT_VERSION = 5.0;
				TARGETED_DEVICE_FAMILY = 1;
			};
			name = Debug;
		};
		F8A5DEDF273EC75C00770A6E /* Release */ = {
			isa = XCBuildConfiguration;
			baseConfigurationReference = 24CB111B595FAF89B7A2FF4D /* Pods-SOPT-29th-JointSeminar10-iOS.release.xcconfig */;
			buildSettings = {
				ASSETCATALOG_COMPILER_APPICON_NAME = AppIcon;
				ASSETCATALOG_COMPILER_GLOBAL_ACCENT_COLOR_NAME = AccentColor;
				CODE_SIGN_STYLE = Automatic;
				CURRENT_PROJECT_VERSION = 1;
				DEVELOPMENT_TEAM = T8C9SSEX5G;
				GENERATE_INFOPLIST_FILE = YES;
				INFOPLIST_FILE = "SOPT-29th-JointSeminar10-iOS/Resource/Info.plist";
				INFOPLIST_KEY_UIApplicationSupportsIndirectInputEvents = YES;
				INFOPLIST_KEY_UILaunchStoryboardName = LaunchScreen;
				INFOPLIST_KEY_UISupportedInterfaceOrientations = UIInterfaceOrientationPortrait;
				INFOPLIST_KEY_UISupportedInterfaceOrientations_iPad = "UIInterfaceOrientationPortrait UIInterfaceOrientationPortraitUpsideDown UIInterfaceOrientationLandscapeLeft UIInterfaceOrientationLandscapeRight";
				INFOPLIST_KEY_UISupportedInterfaceOrientations_iPhone = "UIInterfaceOrientationPortrait UIInterfaceOrientationLandscapeLeft UIInterfaceOrientationLandscapeRight";
				IPHONEOS_DEPLOYMENT_TARGET = 13.0;
				LD_RUNPATH_SEARCH_PATHS = (
					"$(inherited)",
					"@executable_path/Frameworks",
				);
				MARKETING_VERSION = 1.0;
				PRODUCT_BUNDLE_IDENTIFIER = hyun99999.SOPT29thJointSeminar10iOS;
				PRODUCT_NAME = "$(TARGET_NAME)";
				SWIFT_EMIT_LOC_STRINGS = YES;
				SWIFT_VERSION = 5.0;
				TARGETED_DEVICE_FAMILY = 1;
			};
			name = Release;
		};
/* End XCBuildConfiguration section */

/* Begin XCConfigurationList section */
		F8A5DEC4273EC75B00770A6E /* Build configuration list for PBXProject "SOPT-29th-JointSeminar10-iOS" */ = {
			isa = XCConfigurationList;
			buildConfigurations = (
				F8A5DEDB273EC75C00770A6E /* Debug */,
				F8A5DEDC273EC75C00770A6E /* Release */,
			);
			defaultConfigurationIsVisible = 0;
			defaultConfigurationName = Release;
		};
		F8A5DEDD273EC75C00770A6E /* Build configuration list for PBXNativeTarget "SOPT-29th-JointSeminar10-iOS" */ = {
			isa = XCConfigurationList;
			buildConfigurations = (
				F8A5DEDE273EC75C00770A6E /* Debug */,
				F8A5DEDF273EC75C00770A6E /* Release */,
			);
			defaultConfigurationIsVisible = 0;
			defaultConfigurationName = Release;
		};
/* End XCConfigurationList section */
	};
	rootObject = F8A5DEC1273EC75B00770A6E /* Project object */;
}
