// !$*UTF8*$!
{
	archiveVersion = 1;
	classes = {
	};
	objectVersion = 55;
	objects = {

/* Begin PBXBuildFile section */
		1590B3E72740D1E700F167D1 /* UIColorPlusExtension.swift in Sources */ = {isa = PBXBuildFile; fileRef = 1590B3E62740D1E700F167D1 /* UIColorPlusExtension.swift */; };
		F8A5DECD273EC75B00770A6E /* AppDelegate.swift in Sources */ = {isa = PBXBuildFile; fileRef = F8A5DECC273EC75B00770A6E /* AppDelegate.swift */; };
		F8A5DECF273EC75B00770A6E /* SceneDelegate.swift in Sources */ = {isa = PBXBuildFile; fileRef = F8A5DECE273EC75B00770A6E /* SceneDelegate.swift */; };
		F8A5DED1273EC75B00770A6E /* ViewController.swift in Sources */ = {isa = PBXBuildFile; fileRef = F8A5DED0273EC75B00770A6E /* ViewController.swift */; };
		F8A5DED4273EC75B00770A6E /* Main.storyboard in Resources */ = {isa = PBXBuildFile; fileRef = F8A5DED2273EC75B00770A6E /* Main.storyboard */; };
		F8A5DED6273EC75C00770A6E /* Assets.xcassets in Resources */ = {isa = PBXBuildFile; fileRef = F8A5DED5273EC75C00770A6E /* Assets.xcassets */; };
		F8A5DED9273EC75C00770A6E /* LaunchScreen.storyboard in Resources */ = {isa = PBXBuildFile; fileRef = F8A5DED7273EC75C00770A6E /* LaunchScreen.storyboard */; };
		F8BA1EC1273F8EEA00041003 /* TempConstants.swift in Sources */ = {isa = PBXBuildFile; fileRef = F8BA1EC0273F8EEA00041003 /* TempConstants.swift */; };
		F8BA1EC3273F8EF700041003 /* TempFonts.swift in Sources */ = {isa = PBXBuildFile; fileRef = F8BA1EC2273F8EF700041003 /* TempFonts.swift */; };
		F8BA1EC5273F8F8400041003 /* CellTemp.swift in Sources */ = {isa = PBXBuildFile; fileRef = F8BA1EC4273F8F8400041003 /* CellTemp.swift */; };
		F8BA1EC7273F8F8E00041003 /* TempExtension.swift in Sources */ = {isa = PBXBuildFile; fileRef = F8BA1EC6273F8F8E00041003 /* TempExtension.swift */; };
		F8BA1EC9273F8F9500041003 /* TempAppModel.swift in Sources */ = {isa = PBXBuildFile; fileRef = F8BA1EC8273F8F9500041003 /* TempAppModel.swift */; };
		F8BA1ECB273F8FA300041003 /* TempNetworkModel.swift in Sources */ = {isa = PBXBuildFile; fileRef = F8BA1ECA273F8FA300041003 /* TempNetworkModel.swift */; };
		F8BA1ECD273F8FAB00041003 /* TempNetworkService.swift in Sources */ = {isa = PBXBuildFile; fileRef = F8BA1ECC273F8FAB00041003 /* TempNetworkService.swift */; };
		F8BA1ECF273F8FB100041003 /* TempProtocol.swift in Sources */ = {isa = PBXBuildFile; fileRef = F8BA1ECE273F8FB100041003 /* TempProtocol.swift */; };
		F8BA1ED1273F8FB800041003 /* TempView.swift in Sources */ = {isa = PBXBuildFile; fileRef = F8BA1ED0273F8FB800041003 /* TempView.swift */; };
/* End PBXBuildFile section */

/* Begin PBXFileReference section */
		1590B3E62740D1E700F167D1 /* UIColorPlusExtension.swift */ = {isa = PBXFileReference; lastKnownFileType = sourcecode.swift; path = UIColorPlusExtension.swift; sourceTree = "<group>"; };
		F8A5DEC9273EC75B00770A6E /* SOPT-29th-JointSeminar10-iOS.app */ = {isa = PBXFileReference; explicitFileType = wrapper.application; includeInIndex = 0; path = "SOPT-29th-JointSeminar10-iOS.app"; sourceTree = BUILT_PRODUCTS_DIR; };
		F8A5DECC273EC75B00770A6E /* AppDelegate.swift */ = {isa = PBXFileReference; lastKnownFileType = sourcecode.swift; path = AppDelegate.swift; sourceTree = "<group>"; };
		F8A5DECE273EC75B00770A6E /* SceneDelegate.swift */ = {isa = PBXFileReference; lastKnownFileType = sourcecode.swift; path = SceneDelegate.swift; sourceTree = "<group>"; };
		F8A5DED0273EC75B00770A6E /* ViewController.swift */ = {isa = PBXFileReference; lastKnownFileType = sourcecode.swift; path = ViewController.swift; sourceTree = "<group>"; };
		F8A5DED3273EC75B00770A6E /* Base */ = {isa = PBXFileReference; lastKnownFileType = file.storyboard; name = Base; path = Base.lproj/Main.storyboard; sourceTree = "<group>"; };
		F8A5DED5273EC75C00770A6E /* Assets.xcassets */ = {isa = PBXFileReference; lastKnownFileType = folder.assetcatalog; path = Assets.xcassets; sourceTree = "<group>"; };
		F8A5DED8273EC75C00770A6E /* Base */ = {isa = PBXFileReference; lastKnownFileType = file.storyboard; name = Base; path = Base.lproj/LaunchScreen.storyboard; sourceTree = "<group>"; };
		F8A5DEDA273EC75C00770A6E /* Info.plist */ = {isa = PBXFileReference; lastKnownFileType = text.plist.xml; path = Info.plist; sourceTree = "<group>"; };
		F8BA1EC0273F8EEA00041003 /* TempConstants.swift */ = {isa = PBXFileReference; lastKnownFileType = sourcecode.swift; path = TempConstants.swift; sourceTree = "<group>"; };
		F8BA1EC2273F8EF700041003 /* TempFonts.swift */ = {isa = PBXFileReference; lastKnownFileType = sourcecode.swift; path = TempFonts.swift; sourceTree = "<group>"; };
		F8BA1EC4273F8F8400041003 /* CellTemp.swift */ = {isa = PBXFileReference; lastKnownFileType = sourcecode.swift; path = CellTemp.swift; sourceTree = "<group>"; };
		F8BA1EC6273F8F8E00041003 /* TempExtension.swift */ = {isa = PBXFileReference; lastKnownFileType = sourcecode.swift; path = TempExtension.swift; sourceTree = "<group>"; };
		F8BA1EC8273F8F9500041003 /* TempAppModel.swift */ = {isa = PBXFileReference; lastKnownFileType = sourcecode.swift; path = TempAppModel.swift; sourceTree = "<group>"; };
		F8BA1ECA273F8FA300041003 /* TempNetworkModel.swift */ = {isa = PBXFileReference; lastKnownFileType = sourcecode.swift; path = TempNetworkModel.swift; sourceTree = "<group>"; };
		F8BA1ECC273F8FAB00041003 /* TempNetworkService.swift */ = {isa = PBXFileReference; lastKnownFileType = sourcecode.swift; path = TempNetworkService.swift; sourceTree = "<group>"; };
		F8BA1ECE273F8FB100041003 /* TempProtocol.swift */ = {isa = PBXFileReference; lastKnownFileType = sourcecode.swift; path = TempProtocol.swift; sourceTree = "<group>"; };
		F8BA1ED0273F8FB800041003 /* TempView.swift */ = {isa = PBXFileReference; lastKnownFileType = sourcecode.swift; path = TempView.swift; sourceTree = "<group>"; };
/* End PBXFileReference section */

/* Begin PBXFrameworksBuildPhase section */
		F8A5DEC6273EC75B00770A6E /* Frameworks */ = {
			isa = PBXFrameworksBuildPhase;
			buildActionMask = 2147483647;
			files = (
			);
			runOnlyForDeploymentPostprocessing = 0;
		};
/* End PBXFrameworksBuildPhase section */

/* Begin PBXGroup section */
		F8A5DEC0273EC75B00770A6E = {
			isa = PBXGroup;
			children = (
				F8A5DECB273EC75B00770A6E /* SOPT-29th-JointSeminar10-iOS */,
				F8A5DECA273EC75B00770A6E /* Products */,
			);
			sourceTree = "<group>";
		};
		F8A5DECA273EC75B00770A6E /* Products */ = {
			isa = PBXGroup;
			children = (
				F8A5DEC9273EC75B00770A6E /* SOPT-29th-JointSeminar10-iOS.app */,
			);
			name = Products;
			sourceTree = "<group>";
		};
		F8A5DECB273EC75B00770A6E /* SOPT-29th-JointSeminar10-iOS */ = {
			isa = PBXGroup;
			children = (
				F8BA1EB2273F837400041003 /* Resource */,
				F8BA1EB3273F837900041003 /* Source */,
			);
			path = "SOPT-29th-JointSeminar10-iOS";
			sourceTree = "<group>";
		};
		F8BA1EB2273F837400041003 /* Resource */ = {
			isa = PBXGroup;
			children = (
				F8A5DEDA273EC75C00770A6E /* Info.plist */,
				F8A5DED5273EC75C00770A6E /* Assets.xcassets */,
				F8BA1EBC273F847800041003 /* Constants */,
				F8BA1EBE273F84BF00041003 /* Fonts */,
				F8BA1EBD273F84B900041003 /* Storyboards */,
			);
			path = Resource;
			sourceTree = "<group>";
		};
		F8BA1EB3273F837900041003 /* Source */ = {
			isa = PBXGroup;
			children = (
				F8A5DECC273EC75B00770A6E /* AppDelegate.swift */,
				F8A5DECE273EC75B00770A6E /* SceneDelegate.swift */,
				F8BA1EB4273F837D00041003 /* Cell */,
				F8BA1EB5273F844C00041003 /* Extension */,
				F8BA1EBB273F847300041003 /* AppModel */,
				F8BA1EBA273F846E00041003 /* NetworkModel */,
				F8BA1EB9273F846500041003 /* NetworkService */,
				F8BA1EB8273F845F00041003 /* Protocol */,
				F8BA1EB7273F845900041003 /* ViewController */,
				F8BA1EB6273F845300041003 /* View */,
			);
			path = Source;
			sourceTree = "<group>";
		};
		F8BA1EB4273F837D00041003 /* Cell */ = {
			isa = PBXGroup;
			children = (
				F8BA1EC4273F8F8400041003 /* CellTemp.swift */,
			);
			path = Cell;
			sourceTree = "<group>";
		};
		F8BA1EB5273F844C00041003 /* Extension */ = {
			isa = PBXGroup;
			children = (
				F8BA1EC6273F8F8E00041003 /* TempExtension.swift */,
				1590B3E62740D1E700F167D1 /* UIColorPlusExtension.swift */,
			);
			path = Extension;
			sourceTree = "<group>";
		};
		F8BA1EB6273F845300041003 /* View */ = {
			isa = PBXGroup;
			children = (
				F8BA1ED0273F8FB800041003 /* TempView.swift */,
			);
			path = View;
			sourceTree = "<group>";
		};
		F8BA1EB7273F845900041003 /* ViewController */ = {
			isa = PBXGroup;
			children = (
				F8A5DED0273EC75B00770A6E /* ViewController.swift */,
			);
			path = ViewController;
			sourceTree = "<group>";
		};
		F8BA1EB8273F845F00041003 /* Protocol */ = {
			isa = PBXGroup;
			children = (
				F8BA1ECE273F8FB100041003 /* TempProtocol.swift */,
			);
			path = Protocol;
			sourceTree = "<group>";
		};
		F8BA1EB9273F846500041003 /* NetworkService */ = {
			isa = PBXGroup;
			children = (
				F8BA1ECC273F8FAB00041003 /* TempNetworkService.swift */,
			);
			path = NetworkService;
			sourceTree = "<group>";
		};
		F8BA1EBA273F846E00041003 /* NetworkModel */ = {
			isa = PBXGroup;
			children = (
				F8BA1ECA273F8FA300041003 /* TempNetworkModel.swift */,
			);
			path = NetworkModel;
			sourceTree = "<group>";
		};
		F8BA1EBB273F847300041003 /* AppModel */ = {
			isa = PBXGroup;
			children = (
				F8BA1EC8273F8F9500041003 /* TempAppModel.swift */,
			);
			path = AppModel;
			sourceTree = "<group>";
		};
		F8BA1EBC273F847800041003 /* Constants */ = {
			isa = PBXGroup;
			children = (
				F8BA1EC0273F8EEA00041003 /* TempConstants.swift */,
			);
			path = Constants;
			sourceTree = "<group>";
		};
		F8BA1EBD273F84B900041003 /* Storyboards */ = {
			isa = PBXGroup;
			children = (
				F8A5DED7273EC75C00770A6E /* LaunchScreen.storyboard */,
				F8A5DED2273EC75B00770A6E /* Main.storyboard */,
			);
			path = Storyboards;
			sourceTree = "<group>";
		};
		F8BA1EBE273F84BF00041003 /* Fonts */ = {
			isa = PBXGroup;
			children = (
				F8BA1EC2273F8EF700041003 /* TempFonts.swift */,
			);
			path = Fonts;
			sourceTree = "<group>";
		};
/* End PBXGroup section */

/* Begin PBXNativeTarget section */
		F8A5DEC8273EC75B00770A6E /* SOPT-29th-JointSeminar10-iOS */ = {
			isa = PBXNativeTarget;
			buildConfigurationList = F8A5DEDD273EC75C00770A6E /* Build configuration list for PBXNativeTarget "SOPT-29th-JointSeminar10-iOS" */;
			buildPhases = (
				F8A5DEC5273EC75B00770A6E /* Sources */,
				F8A5DEC6273EC75B00770A6E /* Frameworks */,
				F8A5DEC7273EC75B00770A6E /* Resources */,
			);
			buildRules = (
			);
			dependencies = (
			);
			name = "SOPT-29th-JointSeminar10-iOS";
			productName = "SOPT-29th-JointSeminar10-iOS";
			productReference = F8A5DEC9273EC75B00770A6E /* SOPT-29th-JointSeminar10-iOS.app */;
			productType = "com.apple.product-type.application";
		};
/* End PBXNativeTarget section */

/* Begin PBXProject section */
		F8A5DEC1273EC75B00770A6E /* Project object */ = {
			isa = PBXProject;
			attributes = {
				BuildIndependentTargetsInParallel = 1;
				LastSwiftUpdateCheck = 1310;
				LastUpgradeCheck = 1310;
				TargetAttributes = {
					F8A5DEC8273EC75B00770A6E = {
						CreatedOnToolsVersion = 13.1;
					};
				};
			};
			buildConfigurationList = F8A5DEC4273EC75B00770A6E /* Build configuration list for PBXProject "SOPT-29th-JointSeminar10-iOS" */;
			compatibilityVersion = "Xcode 13.0";
			developmentRegion = en;
			hasScannedForEncodings = 0;
			knownRegions = (
				en,
				Base,
			);
			mainGroup = F8A5DEC0273EC75B00770A6E;
			productRefGroup = F8A5DECA273EC75B00770A6E /* Products */;
			projectDirPath = "";
			projectRoot = "";
			targets = (
				F8A5DEC8273EC75B00770A6E /* SOPT-29th-JointSeminar10-iOS */,
			);
		};
/* End PBXProject section */

/* Begin PBXResourcesBuildPhase section */
		F8A5DEC7273EC75B00770A6E /* Resources */ = {
			isa = PBXResourcesBuildPhase;
			buildActionMask = 2147483647;
			files = (
				F8A5DED9273EC75C00770A6E /* LaunchScreen.storyboard in Resources */,
				F8A5DED6273EC75C00770A6E /* Assets.xcassets in Resources */,
				F8A5DED4273EC75B00770A6E /* Main.storyboard in Resources */,
			);
			runOnlyForDeploymentPostprocessing = 0;
		};
/* End PBXResourcesBuildPhase section */

/* Begin PBXSourcesBuildPhase section */
		F8A5DEC5273EC75B00770A6E /* Sources */ = {
			isa = PBXSourcesBuildPhase;
			buildActionMask = 2147483647;
			files = (
				1590B3E72740D1E700F167D1 /* UIColorPlusExtension.swift in Sources */,
				F8A5DED1273EC75B00770A6E /* ViewController.swift in Sources */,
				F8BA1ECB273F8FA300041003 /* TempNetworkModel.swift in Sources */,
				F8BA1EC1273F8EEA00041003 /* TempConstants.swift in Sources */,
				F8A5DECD273EC75B00770A6E /* AppDelegate.swift in Sources */,
				F8BA1EC5273F8F8400041003 /* CellTemp.swift in Sources */,
				F8A5DECF273EC75B00770A6E /* SceneDelegate.swift in Sources */,
				F8BA1ED1273F8FB800041003 /* TempView.swift in Sources */,
				F8BA1EC9273F8F9500041003 /* TempAppModel.swift in Sources */,
				F8BA1EC7273F8F8E00041003 /* TempExtension.swift in Sources */,
				F8BA1ECD273F8FAB00041003 /* TempNetworkService.swift in Sources */,
				F8BA1ECF273F8FB100041003 /* TempProtocol.swift in Sources */,
				F8BA1EC3273F8EF700041003 /* TempFonts.swift in Sources */,
			);
			runOnlyForDeploymentPostprocessing = 0;
		};
/* End PBXSourcesBuildPhase section */

/* Begin PBXVariantGroup section */
		F8A5DED2273EC75B00770A6E /* Main.storyboard */ = {
			isa = PBXVariantGroup;
			children = (
				F8A5DED3273EC75B00770A6E /* Base */,
			);
			name = Main.storyboard;
			sourceTree = "<group>";
		};
		F8A5DED7273EC75C00770A6E /* LaunchScreen.storyboard */ = {
			isa = PBXVariantGroup;
			children = (
				F8A5DED8273EC75C00770A6E /* Base */,
			);
			name = LaunchScreen.storyboard;
			sourceTree = "<group>";
		};
/* End PBXVariantGroup section */

/* Begin XCBuildConfiguration section */
		F8A5DEDB273EC75C00770A6E /* Debug */ = {
			isa = XCBuildConfiguration;
			buildSettings = {
				ALWAYS_SEARCH_USER_PATHS = NO;
				CLANG_ANALYZER_NONNULL = YES;
				CLANG_ANALYZER_NUMBER_OBJECT_CONVERSION = YES_AGGRESSIVE;
				CLANG_CXX_LANGUAGE_STANDARD = "gnu++17";
				CLANG_CXX_LIBRARY = "libc++";
				CLANG_ENABLE_MODULES = YES;
				CLANG_ENABLE_OBJC_ARC = YES;
				CLANG_ENABLE_OBJC_WEAK = YES;
				CLANG_WARN_BLOCK_CAPTURE_AUTORELEASING = YES;
				CLANG_WARN_BOOL_CONVERSION = YES;
				CLANG_WARN_COMMA = YES;
				CLANG_WARN_CONSTANT_CONVERSION = YES;
				CLANG_WARN_DEPRECATED_OBJC_IMPLEMENTATIONS = YES;
				CLANG_WARN_DIRECT_OBJC_ISA_USAGE = YES_ERROR;
				CLANG_WARN_DOCUMENTATION_COMMENTS = YES;
				CLANG_WARN_EMPTY_BODY = YES;
				CLANG_WARN_ENUM_CONVERSION = YES;
				CLANG_WARN_INFINITE_RECURSION = YES;
				CLANG_WARN_INT_CONVERSION = YES;
				CLANG_WARN_NON_LITERAL_NULL_CONVERSION = YES;
				CLANG_WARN_OBJC_IMPLICIT_RETAIN_SELF = YES;
				CLANG_WARN_OBJC_LITERAL_CONVERSION = YES;
				CLANG_WARN_OBJC_ROOT_CLASS = YES_ERROR;
				CLANG_WARN_QUOTED_INCLUDE_IN_FRAMEWORK_HEADER = YES;
				CLANG_WARN_RANGE_LOOP_ANALYSIS = YES;
				CLANG_WARN_STRICT_PROTOTYPES = YES;
				CLANG_WARN_SUSPICIOUS_MOVE = YES;
				CLANG_WARN_UNGUARDED_AVAILABILITY = YES_AGGRESSIVE;
				CLANG_WARN_UNREACHABLE_CODE = YES;
				CLANG_WARN__DUPLICATE_METHOD_MATCH = YES;
				COPY_PHASE_STRIP = NO;
				DEBUG_INFORMATION_FORMAT = dwarf;
				ENABLE_STRICT_OBJC_MSGSEND = YES;
				ENABLE_TESTABILITY = YES;
				GCC_C_LANGUAGE_STANDARD = gnu11;
				GCC_DYNAMIC_NO_PIC = NO;
				GCC_NO_COMMON_BLOCKS = YES;
				GCC_OPTIMIZATION_LEVEL = 0;
				GCC_PREPROCESSOR_DEFINITIONS = (
					"DEBUG=1",
					"$(inherited)",
				);
				GCC_WARN_64_TO_32_BIT_CONVERSION = YES;
				GCC_WARN_ABOUT_RETURN_TYPE = YES_ERROR;
				GCC_WARN_UNDECLARED_SELECTOR = YES;
				GCC_WARN_UNINITIALIZED_AUTOS = YES_AGGRESSIVE;
				GCC_WARN_UNUSED_FUNCTION = YES;
				GCC_WARN_UNUSED_VARIABLE = YES;
				IPHONEOS_DEPLOYMENT_TARGET = 15.0;
				MTL_ENABLE_DEBUG_INFO = INCLUDE_SOURCE;
				MTL_FAST_MATH = YES;
				ONLY_ACTIVE_ARCH = YES;
				SDKROOT = iphoneos;
				SWIFT_ACTIVE_COMPILATION_CONDITIONS = DEBUG;
				SWIFT_OPTIMIZATION_LEVEL = "-Onone";
			};
			name = Debug;
		};
		F8A5DEDC273EC75C00770A6E /* Release */ = {
			isa = XCBuildConfiguration;
			buildSettings = {
				ALWAYS_SEARCH_USER_PATHS = NO;
				CLANG_ANALYZER_NONNULL = YES;
				CLANG_ANALYZER_NUMBER_OBJECT_CONVERSION = YES_AGGRESSIVE;
				CLANG_CXX_LANGUAGE_STANDARD = "gnu++17";
				CLANG_CXX_LIBRARY = "libc++";
				CLANG_ENABLE_MODULES = YES;
				CLANG_ENABLE_OBJC_ARC = YES;
				CLANG_ENABLE_OBJC_WEAK = YES;
				CLANG_WARN_BLOCK_CAPTURE_AUTORELEASING = YES;
				CLANG_WARN_BOOL_CONVERSION = YES;
				CLANG_WARN_COMMA = YES;
				CLANG_WARN_CONSTANT_CONVERSION = YES;
				CLANG_WARN_DEPRECATED_OBJC_IMPLEMENTATIONS = YES;
				CLANG_WARN_DIRECT_OBJC_ISA_USAGE = YES_ERROR;
				CLANG_WARN_DOCUMENTATION_COMMENTS = YES;
				CLANG_WARN_EMPTY_BODY = YES;
				CLANG_WARN_ENUM_CONVERSION = YES;
				CLANG_WARN_INFINITE_RECURSION = YES;
				CLANG_WARN_INT_CONVERSION = YES;
				CLANG_WARN_NON_LITERAL_NULL_CONVERSION = YES;
				CLANG_WARN_OBJC_IMPLICIT_RETAIN_SELF = YES;
				CLANG_WARN_OBJC_LITERAL_CONVERSION = YES;
				CLANG_WARN_OBJC_ROOT_CLASS = YES_ERROR;
				CLANG_WARN_QUOTED_INCLUDE_IN_FRAMEWORK_HEADER = YES;
				CLANG_WARN_RANGE_LOOP_ANALYSIS = YES;
				CLANG_WARN_STRICT_PROTOTYPES = YES;
				CLANG_WARN_SUSPICIOUS_MOVE = YES;
				CLANG_WARN_UNGUARDED_AVAILABILITY = YES_AGGRESSIVE;
				CLANG_WARN_UNREACHABLE_CODE = YES;
				CLANG_WARN__DUPLICATE_METHOD_MATCH = YES;
				COPY_PHASE_STRIP = NO;
				DEBUG_INFORMATION_FORMAT = "dwarf-with-dsym";
				ENABLE_NS_ASSERTIONS = NO;
				ENABLE_STRICT_OBJC_MSGSEND = YES;
				GCC_C_LANGUAGE_STANDARD = gnu11;
				GCC_NO_COMMON_BLOCKS = YES;
				GCC_WARN_64_TO_32_BIT_CONVERSION = YES;
				GCC_WARN_ABOUT_RETURN_TYPE = YES_ERROR;
				GCC_WARN_UNDECLARED_SELECTOR = YES;
				GCC_WARN_UNINITIALIZED_AUTOS = YES_AGGRESSIVE;
				GCC_WARN_UNUSED_FUNCTION = YES;
				GCC_WARN_UNUSED_VARIABLE = YES;
				IPHONEOS_DEPLOYMENT_TARGET = 15.0;
				MTL_ENABLE_DEBUG_INFO = NO;
				MTL_FAST_MATH = YES;
				SDKROOT = iphoneos;
				SWIFT_COMPILATION_MODE = wholemodule;
				SWIFT_OPTIMIZATION_LEVEL = "-O";
				VALIDATE_PRODUCT = YES;
			};
			name = Release;
		};
		F8A5DEDE273EC75C00770A6E /* Debug */ = {
			isa = XCBuildConfiguration;
			buildSettings = {
				ASSETCATALOG_COMPILER_APPICON_NAME = AppIcon;
				ASSETCATALOG_COMPILER_GLOBAL_ACCENT_COLOR_NAME = AccentColor;
				CODE_SIGN_STYLE = Automatic;
				CURRENT_PROJECT_VERSION = 1;
				DEVELOPMENT_TEAM = T8C9SSEX5G;
				GENERATE_INFOPLIST_FILE = YES;
				INFOPLIST_FILE = "SOPT-29th-JointSeminar10-iOS/Resource/Info.plist";
				INFOPLIST_KEY_UIApplicationSupportsIndirectInputEvents = YES;
				INFOPLIST_KEY_UILaunchStoryboardName = LaunchScreen;
				INFOPLIST_KEY_UIMainStoryboardFile = Main;
				INFOPLIST_KEY_UISupportedInterfaceOrientations_iPad = "UIInterfaceOrientationPortrait UIInterfaceOrientationPortraitUpsideDown UIInterfaceOrientationLandscapeLeft UIInterfaceOrientationLandscapeRight";
				INFOPLIST_KEY_UISupportedInterfaceOrientations_iPhone = "UIInterfaceOrientationPortrait UIInterfaceOrientationLandscapeLeft UIInterfaceOrientationLandscapeRight";
				LD_RUNPATH_SEARCH_PATHS = (
					"$(inherited)",
					"@executable_path/Frameworks",
				);
				MARKETING_VERSION = 1.0;
				PRODUCT_BUNDLE_IDENTIFIER = hyun99999.SOPT29thJointSeminar10iOS;
				PRODUCT_NAME = "$(TARGET_NAME)";
				SWIFT_EMIT_LOC_STRINGS = YES;
				SWIFT_VERSION = 5.0;
				TARGETED_DEVICE_FAMILY = "1,2";
			};
			name = Debug;
		};
		F8A5DEDF273EC75C00770A6E /* Release */ = {
			isa = XCBuildConfiguration;
			buildSettings = {
				ASSETCATALOG_COMPILER_APPICON_NAME = AppIcon;
				ASSETCATALOG_COMPILER_GLOBAL_ACCENT_COLOR_NAME = AccentColor;
				CODE_SIGN_STYLE = Automatic;
				CURRENT_PROJECT_VERSION = 1;
				DEVELOPMENT_TEAM = T8C9SSEX5G;
				GENERATE_INFOPLIST_FILE = YES;
				INFOPLIST_FILE = "SOPT-29th-JointSeminar10-iOS/Resource/Info.plist";
				INFOPLIST_KEY_UIApplicationSupportsIndirectInputEvents = YES;
				INFOPLIST_KEY_UILaunchStoryboardName = LaunchScreen;
				INFOPLIST_KEY_UIMainStoryboardFile = Main;
				INFOPLIST_KEY_UISupportedInterfaceOrientations_iPad = "UIInterfaceOrientationPortrait UIInterfaceOrientationPortraitUpsideDown UIInterfaceOrientationLandscapeLeft UIInterfaceOrientationLandscapeRight";
				INFOPLIST_KEY_UISupportedInterfaceOrientations_iPhone = "UIInterfaceOrientationPortrait UIInterfaceOrientationLandscapeLeft UIInterfaceOrientationLandscapeRight";
				LD_RUNPATH_SEARCH_PATHS = (
					"$(inherited)",
					"@executable_path/Frameworks",
				);
				MARKETING_VERSION = 1.0;
				PRODUCT_BUNDLE_IDENTIFIER = hyun99999.SOPT29thJointSeminar10iOS;
				PRODUCT_NAME = "$(TARGET_NAME)";
				SWIFT_EMIT_LOC_STRINGS = YES;
				SWIFT_VERSION = 5.0;
				TARGETED_DEVICE_FAMILY = "1,2";
			};
			name = Release;
		};
/* End XCBuildConfiguration section */

/* Begin XCConfigurationList section */
		F8A5DEC4273EC75B00770A6E /* Build configuration list for PBXProject "SOPT-29th-JointSeminar10-iOS" */ = {
			isa = XCConfigurationList;
			buildConfigurations = (
				F8A5DEDB273EC75C00770A6E /* Debug */,
				F8A5DEDC273EC75C00770A6E /* Release */,
			);
			defaultConfigurationIsVisible = 0;
			defaultConfigurationName = Release;
		};
		F8A5DEDD273EC75C00770A6E /* Build configuration list for PBXNativeTarget "SOPT-29th-JointSeminar10-iOS" */ = {
			isa = XCConfigurationList;
			buildConfigurations = (
				F8A5DEDE273EC75C00770A6E /* Debug */,
				F8A5DEDF273EC75C00770A6E /* Release */,
			);
			defaultConfigurationIsVisible = 0;
			defaultConfigurationName = Release;
		};
/* End XCConfigurationList section */
	};
	rootObject = F8A5DEC1273EC75B00770A6E /* Project object */;
}
